
Microsoft Visual Studio Solution File, Format Version 12.00
# Visual Studio Version 17
VisualStudioVersion = 17.5.002.0
MinimumVisualStudioVersion = 10.0.40219.1
Project("{9A19103F-16F7-4668-BE54-9A1E7A4F7556}") = "ex5", "ex5.csproj", "{96008F71-6A88-4C8B-B614-7DACD7ABB39E}"
EndProject
Global
	GlobalSection(SolutionConfigurationPlatforms) = preSolution
		Debug|Any CPU = Debug|Any CPU
		Release|Any CPU = Release|Any CPU
	EndGlobalSection
	GlobalSection(ProjectConfigurationPlatforms) = postSolution
		{96008F71-6A88-4C8B-B614-7DACD7ABB39E}.Debug|Any CPU.ActiveCfg = Debug|Any CPU
		{96008F71-6A88-4C8B-B614-7DACD7ABB39E}.Debug|Any CPU.Build.0 = Debug|Any CPU
		{96008F71-6A88-4C8B-B614-7DACD7ABB39E}.Release|Any CPU.ActiveCfg = Release|Any CPU
		{96008F71-6A88-4C8B-B614-7DACD7ABB39E}.Release|Any CPU.Build.0 = Release|Any CPU
	EndGlobalSection
	GlobalSection(SolutionProperties) = preSolution
		HideSolutionNode = FALSE
	EndGlobalSection
	GlobalSection(ExtensibilityGlobals) = postSolution
		SolutionGuid = {81E3F28D-479A-4675-8EA3-01488D2410EF}
	EndGlobalSection
EndGlobal
